{
  "name": "star-sanctuary-osv-vulnerable-fixture",
  "version": "1.0.0",
  "lockfileVersion": 2,
  "requires": true,
  "packages": {
    "": {
      "name": "star-sanctuary-osv-vulnerable-fixture",
      "version": "1.0.0",
      "dependencies": {
        "minimist": "0.0.8"
      }
    },
    "node_modules/minimist": {
      "version": "0.0.8"
    }
  },
  "dependencies": {
    "minimist": {
      "version": "0.0.8"
    }
  }
}
